// !$*UTF8*$!
{
	archiveVersion = 1;
	classes = {
	};
	objectVersion = 56;
	objects = {

/* Begin PBXBuildFile section */
		666CF3D42AA7D99200FC11A4 /* AppDelegate.swift in Sources */ = {isa = PBXBuildFile; fileRef = 666CF3D32AA7D99200FC11A4 /* AppDelegate.swift */; };
		666CF3D62AA7D99200FC11A4 /* SceneDelegate.swift in Sources */ = {isa = PBXBuildFile; fileRef = 666CF3D52AA7D99200FC11A4 /* SceneDelegate.swift */; };
		666CF3D82AA7D99200FC11A4 /* ViewController.swift in Sources */ = {isa = PBXBuildFile; fileRef = 666CF3D72AA7D99200FC11A4 /* ViewController.swift */; };
		666CF3DB2AA7D99200FC11A4 /* Main.storyboard in Resources */ = {isa = PBXBuildFile; fileRef = 666CF3D92AA7D99200FC11A4 /* Main.storyboard */; };
		666CF3DE2AA7D99200FC11A4 /* TestItunesSearch.xcdatamodeld in Sources */ = {isa = PBXBuildFile; fileRef = 666CF3DC2AA7D99200FC11A4 /* TestItunesSearch.xcdatamodeld */; };
		666CF3E02AA7D99600FC11A4 /* Assets.xcassets in Resources */ = {isa = PBXBuildFile; fileRef = 666CF3DF2AA7D99600FC11A4 /* Assets.xcassets */; };
		666CF3E32AA7D99600FC11A4 /* LaunchScreen.storyboard in Resources */ = {isa = PBXBuildFile; fileRef = 666CF3E12AA7D99600FC11A4 /* LaunchScreen.storyboard */; };
/* End PBXBuildFile section */

/* Begin PBXFileReference section */
		666CF3D02AA7D99200FC11A4 /* TestItunesSearch.app */ = {isa = PBXFileReference; explicitFileType = wrapper.application; includeInIndex = 0; path = TestItunesSearch.app; sourceTree = BUILT_PRODUCTS_DIR; };
		666CF3D32AA7D99200FC11A4 /* AppDelegate.swift */ = {isa = PBXFileReference; lastKnownFileType = sourcecode.swift; path = AppDelegate.swift; sourceTree = "<group>"; };
		666CF3D52AA7D99200FC11A4 /* SceneDelegate.swift */ = {isa = PBXFileReference; lastKnownFileType = sourcecode.swift; path = SceneDelegate.swift; sourceTree = "<group>"; };
		666CF3D72AA7D99200FC11A4 /* ViewController.swift */ = {isa = PBXFileReference; lastKnownFileType = sourcecode.swift; path = ViewController.swift; sourceTree = "<group>"; };
		666CF3DA2AA7D99200FC11A4 /* Base */ = {isa = PBXFileReference; lastKnownFileType = file.storyboard; name = Base; path = Base.lproj/Main.storyboard; sourceTree = "<group>"; };
		666CF3DD2AA7D99200FC11A4 /* TestItunesSearch.xcdatamodel */ = {isa = PBXFileReference; lastKnownFileType = wrapper.xcdatamodel; path = TestItunesSearch.xcdatamodel; sourceTree = "<group>"; };
		666CF3DF2AA7D99600FC11A4 /* Assets.xcassets */ = {isa = PBXFileReference; lastKnownFileType = folder.assetcatalog; path = Assets.xcassets; sourceTree = "<group>"; };
		666CF3E22AA7D99600FC11A4 /* Base */ = {isa = PBXFileReference; lastKnownFileType = file.storyboard; name = Base; path = Base.lproj/LaunchScreen.storyboard; sourceTree = "<group>"; };
		666CF3E42AA7D99600FC11A4 /* Info.plist */ = {isa = PBXFileReference; lastKnownFileType = text.plist.xml; path = Info.plist; sourceTree = "<group>"; };
/* End PBXFileReference section */

/* Begin PBXFrameworksBuildPhase section */
		666CF3CD2AA7D99200FC11A4 /* Frameworks */ = {
			isa = PBXFrameworksBuildPhase;
			buildActionMask = 2147483647;
			files = (
			);
			runOnlyForDeploymentPostprocessing = 0;
		};
/* End PBXFrameworksBuildPhase section */

/* Begin PBXGroup section */
		666CF3C72AA7D99200FC11A4 = {
			isa = PBXGroup;
			children = (
				666CF3D22AA7D99200FC11A4 /* TestItunesSearch */,
				666CF3D12AA7D99200FC11A4 /* Products */,
			);
			sourceTree = "<group>";
		};
		666CF3D12AA7D99200FC11A4 /* Products */ = {
			isa = PBXGroup;
			children = (
				666CF3D02AA7D99200FC11A4 /* TestItunesSearch.app */,
			);
			name = Products;
			sourceTree = "<group>";
		};
		666CF3D22AA7D99200FC11A4 /* TestItunesSearch */ = {
			isa = PBXGroup;
			children = (
				666CF3D32AA7D99200FC11A4 /* AppDelegate.swift */,
				666CF3D52AA7D99200FC11A4 /* SceneDelegate.swift */,
				666CF3D72AA7D99200FC11A4 /* ViewController.swift */,
				666CF3D92AA7D99200FC11A4 /* Main.storyboard */,
				666CF3DF2AA7D99600FC11A4 /* Assets.xcassets */,
				666CF3E12AA7D99600FC11A4 /* LaunchScreen.storyboard */,
				666CF3E42AA7D99600FC11A4 /* Info.plist */,
				666CF3DC2AA7D99200FC11A4 /* TestItunesSearch.xcdatamodeld */,
			);
			path = TestItunesSearch;
			sourceTree = "<group>";
		};
/* End PBXGroup section */

/* Begin PBXNativeTarget section */
		666CF3CF2AA7D99200FC11A4 /* TestItunesSearch */ = {
			isa = PBXNativeTarget;
			buildConfigurationList = 666CF3E72AA7D99600FC11A4 /* Build configuration list for PBXNativeTarget "TestItunesSearch" */;
			buildPhases = (
				666CF3CC2AA7D99200FC11A4 /* Sources */,
				666CF3CD2AA7D99200FC11A4 /* Frameworks */,
				666CF3CE2AA7D99200FC11A4 /* Resources */,
			);
			buildRules = (
			);
			dependencies = (
			);
			name = TestItunesSearch;
			productName = TestItunesSearch;
			productReference = 666CF3D02AA7D99200FC11A4 /* TestItunesSearch.app */;
			productType = "com.apple.product-type.application";
		};
/* End PBXNativeTarget section */

/* Begin PBXProject section */
		666CF3C82AA7D99200FC11A4 /* Project object */ = {
			isa = PBXProject;
			attributes = {
				BuildIndependentTargetsInParallel = 1;
				LastSwiftUpdateCheck = 1420;
				LastUpgradeCheck = 1420;
				TargetAttributes = {
					666CF3CF2AA7D99200FC11A4 = {
						CreatedOnToolsVersion = 14.2;
					};
				};
			};
			buildConfigurationList = 666CF3CB2AA7D99200FC11A4 /* Build configuration list for PBXProject "TestItunesSearch" */;
			compatibilityVersion = "Xcode 14.0";
			developmentRegion = en;
			hasScannedForEncodings = 0;
			knownRegions = (
				en,
				Base,
			);
			mainGroup = 666CF3C72AA7D99200FC11A4;
			productRefGroup = 666CF3D12AA7D99200FC11A4 /* Products */;
			projectDirPath = "";
			projectRoot = "";
			targets = (
				666CF3CF2AA7D99200FC11A4 /* TestItunesSearch */,
			);
		};
/* End PBXProject section */

/* Begin PBXResourcesBuildPhase section */
		666CF3CE2AA7D99200FC11A4 /* Resources */ = {
			isa = PBXResourcesBuildPhase;
			buildActionMask = 2147483647;
			files = (
				666CF3E32AA7D99600FC11A4 /* LaunchScreen.storyboard in Resources */,
				666CF3E02AA7D99600FC11A4 /* Assets.xcassets in Resources */,
				666CF3DB2AA7D99200FC11A4 /* Main.storyboard in Resources */,
			);
			runOnlyForDeploymentPostprocessing = 0;
		};
/* End PBXResourcesBuildPhase section */

/* Begin PBXSourcesBuildPhase section */
		666CF3CC2AA7D99200FC11A4 /* Sources */ = {
			isa = PBXSourcesBuildPhase;
			buildActionMask = 2147483647;
			files = (
				666CF3D82AA7D99200FC11A4 /* ViewController.swift in Sources */,
				666CF3D42AA7D99200FC11A4 /* AppDelegate.swift in Sources */,
				666CF3D62AA7D99200FC11A4 /* SceneDelegate.swift in Sources */,
				666CF3DE2AA7D99200FC11A4 /* TestItunesSearch.xcdatamodeld in Sources */,
			);
			runOnlyForDeploymentPostprocessing = 0;
		};
/* End PBXSourcesBuildPhase section */

/* Begin PBXVariantGroup section */
		666CF3D92AA7D99200FC11A4 /* Main.storyboard */ = {
			isa = PBXVariantGroup;
			children = (
				666CF3DA2AA7D99200FC11A4 /* Base */,
			);
			name = Main.storyboard;
			sourceTree = "<group>";
		};
		666CF3E12AA7D99600FC11A4 /* LaunchScreen.storyboard */ = {
			isa = PBXVariantGroup;
			children = (
				666CF3E22AA7D99600FC11A4 /* Base */,
			);
			name = LaunchScreen.storyboard;
			sourceTree = "<group>";
		};
/* End PBXVariantGroup section */

/* Begin XCBuildConfiguration section */
		666CF3E52AA7D99600FC11A4 /* Debug */ = {
			isa = XCBuildConfiguration;
			buildSettings = {
				ALWAYS_SEARCH_USER_PATHS = NO;
				CLANG_ANALYZER_NONNULL = YES;
				CLANG_ANALYZER_NUMBER_OBJECT_CONVERSION = YES_AGGRESSIVE;
				CLANG_CXX_LANGUAGE_STANDARD = "gnu++20";
				CLANG_ENABLE_MODULES = YES;
				CLANG_ENABLE_OBJC_ARC = YES;
				CLANG_ENABLE_OBJC_WEAK = YES;
				CLANG_WARN_BLOCK_CAPTURE_AUTORELEASING = YES;
				CLANG_WARN_BOOL_CONVERSION = YES;
				CLANG_WARN_COMMA = YES;
				CLANG_WARN_CONSTANT_CONVERSION = YES;
				CLANG_WARN_DEPRECATED_OBJC_IMPLEMENTATIONS = YES;
				CLANG_WARN_DIRECT_OBJC_ISA_USAGE = YES_ERROR;
				CLANG_WARN_DOCUMENTATION_COMMENTS = YES;
				CLANG_WARN_EMPTY_BODY = YES;
				CLANG_WARN_ENUM_CONVERSION = YES;
				CLANG_WARN_INFINITE_RECURSION = YES;
				CLANG_WARN_INT_CONVERSION = YES;
				CLANG_WARN_NON_LITERAL_NULL_CONVERSION = YES;
				CLANG_WARN_OBJC_IMPLICIT_RETAIN_SELF = YES;
				CLANG_WARN_OBJC_LITERAL_CONVERSION = YES;
				CLANG_WARN_OBJC_ROOT_CLASS = YES_ERROR;
				CLANG_WARN_QUOTED_INCLUDE_IN_FRAMEWORK_HEADER = YES;
				CLANG_WARN_RANGE_LOOP_ANALYSIS = YES;
				CLANG_WARN_STRICT_PROTOTYPES = YES;
				CLANG_WARN_SUSPICIOUS_MOVE = YES;
				CLANG_WARN_UNGUARDED_AVAILABILITY = YES_AGGRESSIVE;
				CLANG_WARN_UNREACHABLE_CODE = YES;
				CLANG_WARN__DUPLICATE_METHOD_MATCH = YES;
				COPY_PHASE_STRIP = NO;
				DEBUG_INFORMATION_FORMAT = dwarf;
				ENABLE_STRICT_OBJC_MSGSEND = YES;
				ENABLE_TESTABILITY = YES;
				GCC_C_LANGUAGE_STANDARD = gnu11;
				GCC_DYNAMIC_NO_PIC = NO;
				GCC_NO_COMMON_BLOCKS = YES;
				GCC_OPTIMIZATION_LEVEL = 0;
				GCC_PREPROCESSOR_DEFINITIONS = (
					"DEBUG=1",
					"$(inherited)",
				);
				GCC_WARN_64_TO_32_BIT_CONVERSION = YES;
				GCC_WARN_ABOUT_RETURN_TYPE = YES_ERROR;
				GCC_WARN_UNDECLARED_SELECTOR = YES;
				GCC_WARN_UNINITIALIZED_AUTOS = YES_AGGRESSIVE;
				GCC_WARN_UNUSED_FUNCTION = YES;
				GCC_WARN_UNUSED_VARIABLE = YES;
				IPHONEOS_DEPLOYMENT_TARGET = 16.2;
				MTL_ENABLE_DEBUG_INFO = INCLUDE_SOURCE;
				MTL_FAST_MATH = YES;
				ONLY_ACTIVE_ARCH = YES;
				SDKROOT = iphoneos;
				SWIFT_ACTIVE_COMPILATION_CONDITIONS = DEBUG;
				SWIFT_OPTIMIZATION_LEVEL = "-Onone";
			};
			name = Debug;
		};
		666CF3E62AA7D99600FC11A4 /* Release */ = {
			isa = XCBuildConfiguration;
			buildSettings = {
				ALWAYS_SEARCH_USER_PATHS = NO;
				CLANG_ANALYZER_NONNULL = YES;
				CLANG_ANALYZER_NUMBER_OBJECT_CONVERSION = YES_AGGRESSIVE;
				CLANG_CXX_LANGUAGE_STANDARD = "gnu++20";
				CLANG_ENABLE_MODULES = YES;
				CLANG_ENABLE_OBJC_ARC = YES;
				CLANG_ENABLE_OBJC_WEAK = YES;
				CLANG_WARN_BLOCK_CAPTURE_AUTORELEASING = YES;
				CLANG_WARN_BOOL_CONVERSION = YES;
				CLANG_WARN_COMMA = YES;
				CLANG_WARN_CONSTANT_CONVERSION = YES;
				CLANG_WARN_DEPRECATED_OBJC_IMPLEMENTATIONS = YES;
				CLANG_WARN_DIRECT_OBJC_ISA_USAGE = YES_ERROR;
				CLANG_WARN_DOCUMENTATION_COMMENTS = YES;
				CLANG_WARN_EMPTY_BODY = YES;
				CLANG_WARN_ENUM_CONVERSION = YES;
				CLANG_WARN_INFINITE_RECURSION = YES;
				CLANG_WARN_INT_CONVERSION = YES;
				CLANG_WARN_NON_LITERAL_NULL_CONVERSION = YES;
				CLANG_WARN_OBJC_IMPLICIT_RETAIN_SELF = YES;
				CLANG_WARN_OBJC_LITERAL_CONVERSION = YES;
				CLANG_WARN_OBJC_ROOT_CLASS = YES_ERROR;
				CLANG_WARN_QUOTED_INCLUDE_IN_FRAMEWORK_HEADER = YES;
				CLANG_WARN_RANGE_LOOP_ANALYSIS = YES;
				CLANG_WARN_STRICT_PROTOTYPES = YES;
				CLANG_WARN_SUSPICIOUS_MOVE = YES;
				CLANG_WARN_UNGUARDED_AVAILABILITY = YES_AGGRESSIVE;
				CLANG_WARN_UNREACHABLE_CODE = YES;
				CLANG_WARN__DUPLICATE_METHOD_MATCH = YES;
				COPY_PHASE_STRIP = NO;
				DEBUG_INFORMATION_FORMAT = "dwarf-with-dsym";
				ENABLE_NS_ASSERTIONS = NO;
				ENABLE_STRICT_OBJC_MSGSEND = YES;
				GCC_C_LANGUAGE_STANDARD = gnu11;
				GCC_NO_COMMON_BLOCKS = YES;
				GCC_WARN_64_TO_32_BIT_CONVERSION = YES;
				GCC_WARN_ABOUT_RETURN_TYPE = YES_ERROR;
				GCC_WARN_UNDECLARED_SELECTOR = YES;
				GCC_WARN_UNINITIALIZED_AUTOS = YES_AGGRESSIVE;
				GCC_WARN_UNUSED_FUNCTION = YES;
				GCC_WARN_UNUSED_VARIABLE = YES;
				IPHONEOS_DEPLOYMENT_TARGET = 16.2;
				MTL_ENABLE_DEBUG_INFO = NO;
				MTL_FAST_MATH = YES;
				SDKROOT = iphoneos;
				SWIFT_COMPILATION_MODE = wholemodule;
				SWIFT_OPTIMIZATION_LEVEL = "-O";
				VALIDATE_PRODUCT = YES;
			};
			name = Release;
		};
		666CF3E82AA7D99600FC11A4 /* Debug */ = {
			isa = XCBuildConfiguration;
			buildSettings = {
				ASSETCATALOG_COMPILER_APPICON_NAME = AppIcon;
				ASSETCATALOG_COMPILER_GLOBAL_ACCENT_COLOR_NAME = AccentColor;
				CODE_SIGN_STYLE = Automatic;
				CURRENT_PROJECT_VERSION = 1;
				GENERATE_INFOPLIST_FILE = YES;
				INFOPLIST_FILE = TestItunesSearch/Info.plist;
				INFOPLIST_KEY_UIApplicationSupportsIndirectInputEvents = YES;
				INFOPLIST_KEY_UILaunchStoryboardName = LaunchScreen;
				INFOPLIST_KEY_UIMainStoryboardFile = Main;
				INFOPLIST_KEY_UISupportedInterfaceOrientations_iPad = "UIInterfaceOrientationPortrait UIInterfaceOrientationPortraitUpsideDown UIInterfaceOrientationLandscapeLeft UIInterfaceOrientationLandscapeRight";
				INFOPLIST_KEY_UISupportedInterfaceOrientations_iPhone = "UIInterfaceOrientationPortrait UIInterfaceOrientationLandscapeLeft UIInterfaceOrientationLandscapeRight";
				LD_RUNPATH_SEARCH_PATHS = (
					"$(inherited)",
					"@executable_path/Frameworks",
				);
				MARKETING_VERSION = 1.0;
				PRODUCT_BUNDLE_IDENTIFIER = danyxw.TestItunesSearch;
				PRODUCT_NAME = "$(TARGET_NAME)";
				SWIFT_EMIT_LOC_STRINGS = YES;
				SWIFT_VERSION = 5.0;
				TARGETED_DEVICE_FAMILY = "1,2";
			};
			name = Debug;
		};
		666CF3E92AA7D99600FC11A4 /* Release */ = {
			isa = XCBuildConfiguration;
			buildSettings = {
				ASSETCATALOG_COMPILER_APPICON_NAME = AppIcon;
				ASSETCATALOG_COMPILER_GLOBAL_ACCENT_COLOR_NAME = AccentColor;
				CODE_SIGN_STYLE = Automatic;
				CURRENT_PROJECT_VERSION = 1;
				GENERATE_INFOPLIST_FILE = YES;
				INFOPLIST_FILE = TestItunesSearch/Info.plist;
				INFOPLIST_KEY_UIApplicationSupportsIndirectInputEvents = YES;
				INFOPLIST_KEY_UILaunchStoryboardName = LaunchScreen;
				INFOPLIST_KEY_UIMainStoryboardFile = Main;
				INFOPLIST_KEY_UISupportedInterfaceOrientations_iPad = "UIInterfaceOrientationPortrait UIInterfaceOrientationPortraitUpsideDown UIInterfaceOrientationLandscapeLeft UIInterfaceOrientationLandscapeRight";
				INFOPLIST_KEY_UISupportedInterfaceOrientations_iPhone = "UIInterfaceOrientationPortrait UIInterfaceOrientationLandscapeLeft UIInterfaceOrientationLandscapeRight";
				LD_RUNPATH_SEARCH_PATHS = (
					"$(inherited)",
					"@executable_path/Frameworks",
				);
				MARKETING_VERSION = 1.0;
				PRODUCT_BUNDLE_IDENTIFIER = danyxw.TestItunesSearch;
				PRODUCT_NAME = "$(TARGET_NAME)";
				SWIFT_EMIT_LOC_STRINGS = YES;
				SWIFT_VERSION = 5.0;
				TARGETED_DEVICE_FAMILY = "1,2";
			};
			name = Release;
		};
/* End XCBuildConfiguration section */

/* Begin XCConfigurationList section */
		666CF3CB2AA7D99200FC11A4 /* Build configuration list for PBXProject "TestItunesSearch" */ = {
			isa = XCConfigurationList;
			buildConfigurations = (
				666CF3E52AA7D99600FC11A4 /* Debug */,
				666CF3E62AA7D99600FC11A4 /* Release */,
			);
			defaultConfigurationIsVisible = 0;
			defaultConfigurationName = Release;
		};
		666CF3E72AA7D99600FC11A4 /* Build configuration list for PBXNativeTarget "TestItunesSearch" */ = {
			isa = XCConfigurationList;
			buildConfigurations = (
				666CF3E82AA7D99600FC11A4 /* Debug */,
				666CF3E92AA7D99600FC11A4 /* Release */,
			);
			defaultConfigurationIsVisible = 0;
			defaultConfigurationName = Release;
		};
/* End XCConfigurationList section */

/* Begin XCVersionGroup section */
		666CF3DC2AA7D99200FC11A4 /* TestItunesSearch.xcdatamodeld */ = {
			isa = XCVersionGroup;
			children = (
				666CF3DD2AA7D99200FC11A4 /* TestItunesSearch.xcdatamodel */,
			);
			currentVersion = 666CF3DD2AA7D99200FC11A4 /* TestItunesSearch.xcdatamodel */;
			path = TestItunesSearch.xcdatamodeld;
			sourceTree = "<group>";
			versionGroupType = wrapper.xcdatamodel;
		};
/* End XCVersionGroup section */
	};
	rootObject = 666CF3C82AA7D99200FC11A4 /* Project object */;
}
